
Microsoft Visual Studio Solution File, Format Version 12.00
# Visual Studio Version 17
VisualStudioVersion = 17.8.34525.116
MinimumVisualStudioVersion = 10.0.40219.1
Project("{9A19103F-16F7-4668-BE54-9A1E7A4F7556}") = "ProductCataLog.Web", "ProductCataLog.Web.csproj", "{F37D61A4-51B5-406C-B61A-0B7D2FFA3427}"
EndProject
Project("{FAE04EC0-301F-11D3-BF4B-00C04F79EFBC}") = "ProductCataLog.Lib", "..\ProductCataLog.Lib\ProductCataLog.Lib.csproj", "{1EEAF2C4-11E9-4FB0-AC5A-5D7960A8F4C6}"
EndProject
Global
	GlobalSection(SolutionConfigurationPlatforms) = preSolution
		Debug|Any CPU = Debug|Any CPU
		Release|Any CPU = Release|Any CPU
	EndGlobalSection
	GlobalSection(ProjectConfigurationPlatforms) = postSolution
		{F37D61A4-51B5-406C-B61A-0B7D2FFA3427}.Debug|Any CPU.ActiveCfg = Debug|Any CPU
		{F37D61A4-51B5-406C-B61A-0B7D2FFA3427}.Debug|Any CPU.Build.0 = Debug|Any CPU
		{F37D61A4-51B5-406C-B61A-0B7D2FFA3427}.Release|Any CPU.ActiveCfg = Release|Any CPU
		{F37D61A4-51B5-406C-B61A-0B7D2FFA3427}.Release|Any CPU.Build.0 = Release|Any CPU
		{1EEAF2C4-11E9-4FB0-AC5A-5D7960A8F4C6}.Debug|Any CPU.ActiveCfg = Debug|Any CPU
		{1EEAF2C4-11E9-4FB0-AC5A-5D7960A8F4C6}.Debug|Any CPU.Build.0 = Debug|Any CPU
		{1EEAF2C4-11E9-4FB0-AC5A-5D7960A8F4C6}.Release|Any CPU.ActiveCfg = Release|Any CPU
		{1EEAF2C4-11E9-4FB0-AC5A-5D7960A8F4C6}.Release|Any CPU.Build.0 = Release|Any CPU
	EndGlobalSection
	GlobalSection(SolutionProperties) = preSolution
		HideSolutionNode = FALSE
	EndGlobalSection
	GlobalSection(ExtensibilityGlobals) = postSolution
		SolutionGuid = {50A13E48-05A3-4194-8F96-F8E34D8F6D60}
	EndGlobalSection
EndGlobal
